
Microsoft Visual Studio Solution File, Format Version 12.00
# Visual Studio Version 17
VisualStudioVersion = 17.0.31903.59
MinimumVisualStudioVersion = 10.0.40219.1
Project("{FAE04EC0-301F-11D3-BF4B-00C04F79EFBC}") = "ConfidentialBox.Core", "ConfidentialBox.Core\ConfidentialBox.Core.csproj", "{AAA9A97C-551D-49C9-9B32-21DB7B3624B7}"
EndProject
Project("{FAE04EC0-301F-11D3-BF4B-00C04F79EFBC}") = "ConfidentialBox.Infrastructure", "ConfidentialBox.Infrastructure\ConfidentialBox.Infrastructure.csproj", "{8B98536A-D3FA-44E8-AC2F-4B38397C51CC}"
EndProject
Project("{FAE04EC0-301F-11D3-BF4B-00C04F79EFBC}") = "ConfidentialBox.API", "ConfidentialBox.API\ConfidentialBox.API.csproj", "{4E2413C0-34C0-4EF0-AB06-3B012896D95F}"
EndProject
Project("{FAE04EC0-301F-11D3-BF4B-00C04F79EFBC}") = "ConfidentialBox.Web", "ConfidentialBox.Web\ConfidentialBox.Web.csproj", "{7BCA8A08-F362-422D-8621-6DDC213E53E5}"
EndProject
Global
	GlobalSection(SolutionConfigurationPlatforms) = preSolution
		Debug|Any CPU = Debug|Any CPU
		Debug|x64 = Debug|x64
		Debug|x86 = Debug|x86
		Release|Any CPU = Release|Any CPU
		Release|x64 = Release|x64
		Release|x86 = Release|x86
	EndGlobalSection
	GlobalSection(ProjectConfigurationPlatforms) = postSolution
		{AAA9A97C-551D-49C9-9B32-21DB7B3624B7}.Debug|Any CPU.ActiveCfg = Debug|Any CPU
		{AAA9A97C-551D-49C9-9B32-21DB7B3624B7}.Debug|Any CPU.Build.0 = Debug|Any CPU
		{AAA9A97C-551D-49C9-9B32-21DB7B3624B7}.Debug|x64.ActiveCfg = Debug|Any CPU
		{AAA9A97C-551D-49C9-9B32-21DB7B3624B7}.Debug|x64.Build.0 = Debug|Any CPU
		{AAA9A97C-551D-49C9-9B32-21DB7B3624B7}.Debug|x86.ActiveCfg = Debug|Any CPU
		{AAA9A97C-551D-49C9-9B32-21DB7B3624B7}.Debug|x86.Build.0 = Debug|Any CPU
		{AAA9A97C-551D-49C9-9B32-21DB7B3624B7}.Release|Any CPU.ActiveCfg = Release|Any CPU
		{AAA9A97C-551D-49C9-9B32-21DB7B3624B7}.Release|Any CPU.Build.0 = Release|Any CPU
		{AAA9A97C-551D-49C9-9B32-21DB7B3624B7}.Release|x64.ActiveCfg = Release|Any CPU
		{AAA9A97C-551D-49C9-9B32-21DB7B3624B7}.Release|x64.Build.0 = Release|Any CPU
		{AAA9A97C-551D-49C9-9B32-21DB7B3624B7}.Release|x86.ActiveCfg = Release|Any CPU
		{AAA9A97C-551D-49C9-9B32-21DB7B3624B7}.Release|x86.Build.0 = Release|Any CPU
		{8B98536A-D3FA-44E8-AC2F-4B38397C51CC}.Debug|Any CPU.ActiveCfg = Debug|Any CPU
		{8B98536A-D3FA-44E8-AC2F-4B38397C51CC}.Debug|Any CPU.Build.0 = Debug|Any CPU
		{8B98536A-D3FA-44E8-AC2F-4B38397C51CC}.Debug|x64.ActiveCfg = Debug|Any CPU
		{8B98536A-D3FA-44E8-AC2F-4B38397C51CC}.Debug|x64.Build.0 = Debug|Any CPU
		{8B98536A-D3FA-44E8-AC2F-4B38397C51CC}.Debug|x86.ActiveCfg = Debug|Any CPU
		{8B98536A-D3FA-44E8-AC2F-4B38397C51CC}.Debug|x86.Build.0 = Debug|Any CPU
		{8B98536A-D3FA-44E8-AC2F-4B38397C51CC}.Release|Any CPU.ActiveCfg = Release|Any CPU
		{8B98536A-D3FA-44E8-AC2F-4B38397C51CC}.Release|Any CPU.Build.0 = Release|Any CPU
		{8B98536A-D3FA-44E8-AC2F-4B38397C51CC}.Release|x64.ActiveCfg = Release|Any CPU
		{8B98536A-D3FA-44E8-AC2F-4B38397C51CC}.Release|x64.Build.0 = Release|Any CPU
		{8B98536A-D3FA-44E8-AC2F-4B38397C51CC}.Release|x86.ActiveCfg = Release|Any CPU
		{8B98536A-D3FA-44E8-AC2F-4B38397C51CC}.Release|x86.Build.0 = Release|Any CPU
		{4E2413C0-34C0-4EF0-AB06-3B012896D95F}.Debug|Any CPU.ActiveCfg = Debug|Any CPU
		{4E2413C0-34C0-4EF0-AB06-3B012896D95F}.Debug|Any CPU.Build.0 = Debug|Any CPU
		{4E2413C0-34C0-4EF0-AB06-3B012896D95F}.Debug|x64.ActiveCfg = Debug|Any CPU
		{4E2413C0-34C0-4EF0-AB06-3B012896D95F}.Debug|x64.Build.0 = Debug|Any CPU
		{4E2413C0-34C0-4EF0-AB06-3B012896D95F}.Debug|x86.ActiveCfg = Debug|Any CPU
		{4E2413C0-34C0-4EF0-AB06-3B012896D95F}.Debug|x86.Build.0 = Debug|Any CPU
		{4E2413C0-34C0-4EF0-AB06-3B012896D95F}.Release|Any CPU.ActiveCfg = Release|Any CPU
		{4E2413C0-34C0-4EF0-AB06-3B012896D95F}.Release|Any CPU.Build.0 = Release|Any CPU
		{4E2413C0-34C0-4EF0-AB06-3B012896D95F}.Release|x64.ActiveCfg = Release|Any CPU
		{4E2413C0-34C0-4EF0-AB06-3B012896D95F}.Release|x64.Build.0 = Release|Any CPU
		{4E2413C0-34C0-4EF0-AB06-3B012896D95F}.Release|x86.ActiveCfg = Release|Any CPU
		{4E2413C0-34C0-4EF0-AB06-3B012896D95F}.Release|x86.Build.0 = Release|Any CPU
		{7BCA8A08-F362-422D-8621-6DDC213E53E5}.Debug|Any CPU.ActiveCfg = Debug|Any CPU
		{7BCA8A08-F362-422D-8621-6DDC213E53E5}.Debug|Any CPU.Build.0 = Debug|Any CPU
		{7BCA8A08-F362-422D-8621-6DDC213E53E5}.Debug|x64.ActiveCfg = Debug|Any CPU
		{7BCA8A08-F362-422D-8621-6DDC213E53E5}.Debug|x64.Build.0 = Debug|Any CPU
		{7BCA8A08-F362-422D-8621-6DDC213E53E5}.Debug|x86.ActiveCfg = Debug|Any CPU
		{7BCA8A08-F362-422D-8621-6DDC213E53E5}.Debug|x86.Build.0 = Debug|Any CPU
		{7BCA8A08-F362-422D-8621-6DDC213E53E5}.Release|Any CPU.ActiveCfg = Release|Any CPU
		{7BCA8A08-F362-422D-8621-6DDC213E53E5}.Release|Any CPU.Build.0 = Release|Any CPU
		{7BCA8A08-F362-422D-8621-6DDC213E53E5}.Release|x64.ActiveCfg = Release|Any CPU
		{7BCA8A08-F362-422D-8621-6DDC213E53E5}.Release|x64.Build.0 = Release|Any CPU
		{7BCA8A08-F362-422D-8621-6DDC213E53E5}.Release|x86.ActiveCfg = Release|Any CPU
		{7BCA8A08-F362-422D-8621-6DDC213E53E5}.Release|x86.Build.0 = Release|Any CPU
	EndGlobalSection
	GlobalSection(SolutionProperties) = preSolution
		HideSolutionNode = FALSE
	EndGlobalSection
	GlobalSection(ExtensibilityGlobals) = postSolution
		SolutionGuid = {85FE592E-30AB-4C97-B08C-2B45D6DDF57D}
	EndGlobalSection
EndGlobal
